
Microsoft Visual Studio Solution File, Format Version 12.00
# Visual Studio Version 17
VisualStudioVersion = 17.6.33815.320
MinimumVisualStudioVersion = 10.0.40219.1
Project("{FAE04EC0-301F-11D3-BF4B-00C04F79EFBC}") = "AppWorkWithBD", "AppWorkWithBD\AppWorkWithBD.csproj", "{A50D226D-85A0-45A7-9CCC-4C5B128860A8}"
EndProject
Global
	GlobalSection(SolutionConfigurationPlatforms) = preSolution
		Debug|Any CPU = Debug|Any CPU
		Release|Any CPU = Release|Any CPU
	EndGlobalSection
	GlobalSection(ProjectConfigurationPlatforms) = postSolution
		{A50D226D-85A0-45A7-9CCC-4C5B128860A8}.Debug|Any CPU.ActiveCfg = Debug|Any CPU
		{A50D226D-85A0-45A7-9CCC-4C5B128860A8}.Debug|Any CPU.Build.0 = Debug|Any CPU
		{A50D226D-85A0-45A7-9CCC-4C5B128860A8}.Release|Any CPU.ActiveCfg = Release|Any CPU
		{A50D226D-85A0-45A7-9CCC-4C5B128860A8}.Release|Any CPU.Build.0 = Release|Any CPU
	EndGlobalSection
	GlobalSection(SolutionProperties) = preSolution
		HideSolutionNode = FALSE
	EndGlobalSection
	GlobalSection(ExtensibilityGlobals) = postSolution
		SolutionGuid = {2E5EC343-F412-43D7-B7A7-9B680321CCD7}
	EndGlobalSection
EndGlobal
